
Microsoft Visual Studio Solution File, Format Version 12.00
# Visual Studio Version 16
VisualStudioVersion = 16.0.31129.286
MinimumVisualStudioVersion = 10.0.40219.1
Project("{9A19103F-16F7-4668-BE54-9A1E7A4F7556}") = "Vortice.UVAtlas.Tests", "Vortice.UVAtlas.Tests\Vortice.UVAtlas.Tests.csproj", "{758898A3-4666-42D0-83D4-F028938A22A8}"
EndProject
Project("{9A19103F-16F7-4668-BE54-9A1E7A4F7556}") = "Vortice.UVAtlas", "Vortice.UVAtlas\Vortice.UVAtlas.csproj", "{641E32FF-57F2-4B6C-9782-05C862E66957}"
EndProject
Global
	GlobalSection(SolutionConfigurationPlatforms) = preSolution
		Debug|Any CPU = Debug|Any CPU
		Debug|x64 = Debug|x64
		Release|Any CPU = Release|Any CPU
		Release|x64 = Release|x64
	EndGlobalSection
	GlobalSection(ProjectConfigurationPlatforms) = postSolution
		{758898A3-4666-42D0-83D4-F028938A22A8}.Debug|Any CPU.ActiveCfg = Debug|Any CPU
		{758898A3-4666-42D0-83D4-F028938A22A8}.Debug|Any CPU.Build.0 = Debug|Any CPU
		{758898A3-4666-42D0-83D4-F028938A22A8}.Debug|x64.ActiveCfg = Debug|x64
		{758898A3-4666-42D0-83D4-F028938A22A8}.Debug|x64.Build.0 = Debug|x64
		{758898A3-4666-42D0-83D4-F028938A22A8}.Release|Any CPU.ActiveCfg = Release|Any CPU
		{758898A3-4666-42D0-83D4-F028938A22A8}.Release|Any CPU.Build.0 = Release|Any CPU
		{758898A3-4666-42D0-83D4-F028938A22A8}.Release|x64.ActiveCfg = Release|x64
		{758898A3-4666-42D0-83D4-F028938A22A8}.Release|x64.Build.0 = Release|x64
		{641E32FF-57F2-4B6C-9782-05C862E66957}.Debug|Any CPU.ActiveCfg = Debug|Any CPU
		{641E32FF-57F2-4B6C-9782-05C862E66957}.Debug|Any CPU.Build.0 = Debug|Any CPU
		{641E32FF-57F2-4B6C-9782-05C862E66957}.Debug|x64.ActiveCfg = Debug|Any CPU
		{641E32FF-57F2-4B6C-9782-05C862E66957}.Debug|x64.Build.0 = Debug|Any CPU
		{641E32FF-57F2-4B6C-9782-05C862E66957}.Release|Any CPU.ActiveCfg = Release|Any CPU
		{641E32FF-57F2-4B6C-9782-05C862E66957}.Release|Any CPU.Build.0 = Release|Any CPU
		{641E32FF-57F2-4B6C-9782-05C862E66957}.Release|x64.ActiveCfg = Release|Any CPU
		{641E32FF-57F2-4B6C-9782-05C862E66957}.Release|x64.Build.0 = Release|Any CPU
	EndGlobalSection
	GlobalSection(SolutionProperties) = preSolution
		HideSolutionNode = FALSE
	EndGlobalSection
	GlobalSection(ExtensibilityGlobals) = postSolution
		SolutionGuid = {634A384D-19B2-4271-A0CA-13A86A892034}
	EndGlobalSection
EndGlobal
